
Microsoft Visual Studio Solution File, Format Version 12.00
# Visual Studio 2012
Project("{FAE04EC0-301F-11D3-BF4B-00C04F79EFBC}") = "SBL-CRM", "SBL-CRM\SBL-CRM.csproj", "{767825CF-12E9-46D2-9593-1DCF47F70236}"
EndProject
Global
	GlobalSection(SolutionConfigurationPlatforms) = preSolution
		Debug|Any CPU = Debug|Any CPU
		Release|Any CPU = Release|Any CPU
	EndGlobalSection
	GlobalSection(ProjectConfigurationPlatforms) = postSolution
		{767825CF-12E9-46D2-9593-1DCF47F70236}.Debug|Any CPU.ActiveCfg = Debug|Any CPU
		{767825CF-12E9-46D2-9593-1DCF47F70236}.Debug|Any CPU.Build.0 = Debug|Any CPU
		{767825CF-12E9-46D2-9593-1DCF47F70236}.Release|Any CPU.ActiveCfg = Release|Any CPU
		{767825CF-12E9-46D2-9593-1DCF47F70236}.Release|Any CPU.Build.0 = Release|Any CPU
	EndGlobalSection
	GlobalSection(MonoDevelopProperties) = preSolution
		Policies = $0
		$0.VersionControlPolicy = $1
		$1.inheritsSet = Mono
	EndGlobalSection
EndGlobal
